
Microsoft Visual Studio Solution File, Format Version 12.00
# Visual Studio Version 17
VisualStudioVersion = 17.3.32804.467
MinimumVisualStudioVersion = 10.0.40219.1
Project("{FAE04EC0-301F-11D3-BF4B-00C04F79EFBC}") = "pylontech2mqtt", "pylontech2mqtt\pylontech2mqtt.csproj", "{52EDFD20-64CC-4F07-9549-4F26A23B7AEC}"
EndProject
Global
	GlobalSection(SolutionConfigurationPlatforms) = preSolution
		Debug|Any CPU = Debug|Any CPU
		Release|Any CPU = Release|Any CPU
	EndGlobalSection
	GlobalSection(ProjectConfigurationPlatforms) = postSolution
		{52EDFD20-64CC-4F07-9549-4F26A23B7AEC}.Debug|Any CPU.ActiveCfg = Debug|Any CPU
		{52EDFD20-64CC-4F07-9549-4F26A23B7AEC}.Debug|Any CPU.Build.0 = Debug|Any CPU
		{52EDFD20-64CC-4F07-9549-4F26A23B7AEC}.Release|Any CPU.ActiveCfg = Release|Any CPU
		{52EDFD20-64CC-4F07-9549-4F26A23B7AEC}.Release|Any CPU.Build.0 = Release|Any CPU
	EndGlobalSection
	GlobalSection(SolutionProperties) = preSolution
		HideSolutionNode = FALSE
	EndGlobalSection
	GlobalSection(ExtensibilityGlobals) = postSolution
		SolutionGuid = {94ABF0BB-4CFF-4984-B1CA-0A41B9EDB855}
	EndGlobalSection
EndGlobal
